
Microsoft Visual Studio Solution File, Format Version 12.00
# Visual Studio Version 17
VisualStudioVersion = 17.13.36105.23 d17.13
MinimumVisualStudioVersion = 10.0.40219.1
Project("{FAE04EC0-301F-11D3-BF4B-00C04F79EFBC}") = "WeekTwoRulesEngine", "WeekTwoRulesEngine.csproj", "{E5310164-616B-427A-9740-CB5B515E1A2E}"
EndProject
Global
	GlobalSection(SolutionConfigurationPlatforms) = preSolution
		Debug|Any CPU = Debug|Any CPU
		Release|Any CPU = Release|Any CPU
	EndGlobalSection
	GlobalSection(ProjectConfigurationPlatforms) = postSolution
		{E5310164-616B-427A-9740-CB5B515E1A2E}.Debug|Any CPU.ActiveCfg = Debug|Any CPU
		{E5310164-616B-427A-9740-CB5B515E1A2E}.Debug|Any CPU.Build.0 = Debug|Any CPU
		{E5310164-616B-427A-9740-CB5B515E1A2E}.Release|Any CPU.ActiveCfg = Release|Any CPU
		{E5310164-616B-427A-9740-CB5B515E1A2E}.Release|Any CPU.Build.0 = Release|Any CPU
	EndGlobalSection
	GlobalSection(SolutionProperties) = preSolution
		HideSolutionNode = FALSE
	EndGlobalSection
	GlobalSection(ExtensibilityGlobals) = postSolution
		SolutionGuid = {D63BA5D4-A233-45CC-B62D-0C8C4E095EF0}
	EndGlobalSection
EndGlobal
